
Microsoft Visual Studio Solution File, Format Version 12.00
# Visual Studio Version 17
VisualStudioVersion = 17.5.002.0
MinimumVisualStudioVersion = 10.0.40219.1
Project("{9A19103F-16F7-4668-BE54-9A1E7A4F7556}") = "ConsoleApplnORM", "ConsoleApplnORM\ConsoleApplnORM.csproj", "{D9D076C9-340B-4813-B7C0-100DF9090C1F}"
EndProject
Project("{9A19103F-16F7-4668-BE54-9A1E7A4F7556}") = "webapiProj", "webapiProj\webapiProj.csproj", "{3210A126-B5B8-4568-A408-4FABF4D851E1}"
EndProject
Global
	GlobalSection(SolutionConfigurationPlatforms) = preSolution
		Debug|Any CPU = Debug|Any CPU
		Release|Any CPU = Release|Any CPU
	EndGlobalSection
	GlobalSection(ProjectConfigurationPlatforms) = postSolution
		{D9D076C9-340B-4813-B7C0-100DF9090C1F}.Debug|Any CPU.ActiveCfg = Debug|Any CPU
		{D9D076C9-340B-4813-B7C0-100DF9090C1F}.Debug|Any CPU.Build.0 = Debug|Any CPU
		{D9D076C9-340B-4813-B7C0-100DF9090C1F}.Release|Any CPU.ActiveCfg = Release|Any CPU
		{D9D076C9-340B-4813-B7C0-100DF9090C1F}.Release|Any CPU.Build.0 = Release|Any CPU
		{3210A126-B5B8-4568-A408-4FABF4D851E1}.Debug|Any CPU.ActiveCfg = Debug|Any CPU
		{3210A126-B5B8-4568-A408-4FABF4D851E1}.Debug|Any CPU.Build.0 = Debug|Any CPU
		{3210A126-B5B8-4568-A408-4FABF4D851E1}.Release|Any CPU.ActiveCfg = Release|Any CPU
		{3210A126-B5B8-4568-A408-4FABF4D851E1}.Release|Any CPU.Build.0 = Release|Any CPU
	EndGlobalSection
	GlobalSection(SolutionProperties) = preSolution
		HideSolutionNode = FALSE
	EndGlobalSection
	GlobalSection(ExtensibilityGlobals) = postSolution
		SolutionGuid = {7B9C2E92-01D9-4086-84C2-F97D2B31DC3F}
	EndGlobalSection
EndGlobal
